
Microsoft Visual Studio Solution File, Format Version 12.00
# Visual Studio Version 17
VisualStudioVersion = 17.8.34511.84
MinimumVisualStudioVersion = 10.0.40219.1
Project("{FAE04EC0-301F-11D3-BF4B-00C04F79EFBC}") = "Artisan", "Artisan\Artisan.csproj", "{1541913A-7891-4735-AA23-5AA6D2DD3541}"
EndProject
Global
	GlobalSection(SolutionConfigurationPlatforms) = preSolution
		Debug|Any CPU = Debug|Any CPU
		Release|Any CPU = Release|Any CPU
	EndGlobalSection
	GlobalSection(ProjectConfigurationPlatforms) = postSolution
		{1541913A-7891-4735-AA23-5AA6D2DD3541}.Debug|Any CPU.ActiveCfg = Debug|Any CPU
		{1541913A-7891-4735-AA23-5AA6D2DD3541}.Debug|Any CPU.Build.0 = Debug|Any CPU
		{1541913A-7891-4735-AA23-5AA6D2DD3541}.Release|Any CPU.ActiveCfg = Release|Any CPU
		{1541913A-7891-4735-AA23-5AA6D2DD3541}.Release|Any CPU.Build.0 = Release|Any CPU
	EndGlobalSection
	GlobalSection(SolutionProperties) = preSolution
		HideSolutionNode = FALSE
	EndGlobalSection
	GlobalSection(ExtensibilityGlobals) = postSolution
		SolutionGuid = {E340A7DA-AFC2-4E89-9D37-C8983596878D}
	EndGlobalSection
EndGlobal
